
Microsoft Visual Studio Solution File, Format Version 12.00
# Visual Studio Version 17
VisualStudioVersion = 17.13.35818.85 d17.13
MinimumVisualStudioVersion = 10.0.40219.1
Project("{FAE04EC0-301F-11D3-BF4B-00C04F79EFBC}") = "ejercicio33", "ejercicio33\ejercicio33.csproj", "{06EBD52F-CF5B-466F-B8EC-494AD1AAA1BC}"
EndProject
Project("{FAE04EC0-301F-11D3-BF4B-00C04F79EFBC}") = "ejercicio 32", "ejercicio 32\ejercicio 32.csproj", "{D293D823-AD57-4734-96C1-DB2525973BCC}"
EndProject
Global
	GlobalSection(SolutionConfigurationPlatforms) = preSolution
		Debug|Any CPU = Debug|Any CPU
		Release|Any CPU = Release|Any CPU
	EndGlobalSection
	GlobalSection(ProjectConfigurationPlatforms) = postSolution
		{06EBD52F-CF5B-466F-B8EC-494AD1AAA1BC}.Debug|Any CPU.ActiveCfg = Debug|Any CPU
		{06EBD52F-CF5B-466F-B8EC-494AD1AAA1BC}.Debug|Any CPU.Build.0 = Debug|Any CPU
		{06EBD52F-CF5B-466F-B8EC-494AD1AAA1BC}.Release|Any CPU.ActiveCfg = Release|Any CPU
		{06EBD52F-CF5B-466F-B8EC-494AD1AAA1BC}.Release|Any CPU.Build.0 = Release|Any CPU
		{D293D823-AD57-4734-96C1-DB2525973BCC}.Debug|Any CPU.ActiveCfg = Debug|Any CPU
		{D293D823-AD57-4734-96C1-DB2525973BCC}.Debug|Any CPU.Build.0 = Debug|Any CPU
		{D293D823-AD57-4734-96C1-DB2525973BCC}.Release|Any CPU.ActiveCfg = Release|Any CPU
		{D293D823-AD57-4734-96C1-DB2525973BCC}.Release|Any CPU.Build.0 = Release|Any CPU
	EndGlobalSection
	GlobalSection(SolutionProperties) = preSolution
		HideSolutionNode = FALSE
	EndGlobalSection
	GlobalSection(ExtensibilityGlobals) = postSolution
		SolutionGuid = {E095327E-2C25-468F-A2E9-9105E0D51560}
	EndGlobalSection
EndGlobal
