
Microsoft Visual Studio Solution File, Format Version 12.00
# Visual Studio Version 17
VisualStudioVersion = 17.13.35818.85 d17.13
MinimumVisualStudioVersion = 10.0.40219.1
Project("{FAE04EC0-301F-11D3-BF4B-00C04F79EFBC}") = "Taller02Herencia", "Taller02Herencia\Taller02Herencia.csproj", "{DB8237F2-7F92-40DB-873B-FBAA842B5B2E}"
EndProject
Global
	GlobalSection(SolutionConfigurationPlatforms) = preSolution
		Debug|Any CPU = Debug|Any CPU
		Release|Any CPU = Release|Any CPU
	EndGlobalSection
	GlobalSection(ProjectConfigurationPlatforms) = postSolution
		{DB8237F2-7F92-40DB-873B-FBAA842B5B2E}.Debug|Any CPU.ActiveCfg = Debug|Any CPU
		{DB8237F2-7F92-40DB-873B-FBAA842B5B2E}.Debug|Any CPU.Build.0 = Debug|Any CPU
		{DB8237F2-7F92-40DB-873B-FBAA842B5B2E}.Release|Any CPU.ActiveCfg = Release|Any CPU
		{DB8237F2-7F92-40DB-873B-FBAA842B5B2E}.Release|Any CPU.Build.0 = Release|Any CPU
	EndGlobalSection
	GlobalSection(SolutionProperties) = preSolution
		HideSolutionNode = FALSE
	EndGlobalSection
	GlobalSection(ExtensibilityGlobals) = postSolution
		SolutionGuid = {421218CB-CA6E-4910-A147-6792FE0202B5}
	EndGlobalSection
EndGlobal
